// !$*UTF8*$!
{
	archiveVersion = 1;
	classes = {
	};
	objectVersion = 51;
	objects = {

/* Begin PBXBuildFile section */
		450B788F24CBFED800206827 /* SpenderPrepOneViewController.swift in Sources */ = {isa = PBXBuildFile; fileRef = 450B788E24CBFED800206827 /* SpenderPrepOneViewController.swift */; };
		450B789124CBFEFA00206827 /* SpenderBearPrepTwoViewController.swift in Sources */ = {isa = PBXBuildFile; fileRef = 450B789024CBFEFA00206827 /* SpenderBearPrepTwoViewController.swift */; };
		450B789324CBFF2200206827 /* SpenderBearPrepThreeViewController.swift in Sources */ = {isa = PBXBuildFile; fileRef = 450B789224CBFF2200206827 /* SpenderBearPrepThreeViewController.swift */; };
		450B789524CCB8F200206827 /* MacawChartView.swift in Sources */ = {isa = PBXBuildFile; fileRef = 450B789424CCB8F200206827 /* MacawChartView.swift */; };
		450B789724CCB94C00206827 /* DummyData.swift in Sources */ = {isa = PBXBuildFile; fileRef = 450B789624CCB94C00206827 /* DummyData.swift */; };
		450B789A24D3AFA800206827 /* SaverBearPrepOneViewController.swift in Sources */ = {isa = PBXBuildFile; fileRef = 450B789924D3AFA800206827 /* SaverBearPrepOneViewController.swift */; };
		450B789C24D3B42B00206827 /* SaverBearPrepTwoViewController.swift in Sources */ = {isa = PBXBuildFile; fileRef = 450B789B24D3B42B00206827 /* SaverBearPrepTwoViewController.swift */; };
		450B789E24D3B8AF00206827 /* SaverBearStoryPrepThreeViewController.swift in Sources */ = {isa = PBXBuildFile; fileRef = 450B789D24D3B8AF00206827 /* SaverBearStoryPrepThreeViewController.swift */; };
		450B78A124D3BF7900206827 /* InvestorBearStoryPrepOneViewController.swift in Sources */ = {isa = PBXBuildFile; fileRef = 450B78A024D3BF7900206827 /* InvestorBearStoryPrepOneViewController.swift */; };
		450B78A324D3C7C100206827 /* InvestorBearStoryPrepTwoViewController.swift in Sources */ = {isa = PBXBuildFile; fileRef = 450B78A224D3C7C100206827 /* InvestorBearStoryPrepTwoViewController.swift */; };
		450B78A524D3CA8300206827 /* InvestorBearStoryPrepThreeViewController.swift in Sources */ = {isa = PBXBuildFile; fileRef = 450B78A424D3CA8300206827 /* InvestorBearStoryPrepThreeViewController.swift */; };
		450CA083243EB12900EEA40F /* AppDelegate.swift in Sources */ = {isa = PBXBuildFile; fileRef = 450CA082243EB12900EEA40F /* AppDelegate.swift */; };
		450CA085243EB12900EEA40F /* SceneDelegate.swift in Sources */ = {isa = PBXBuildFile; fileRef = 450CA084243EB12900EEA40F /* SceneDelegate.swift */; };
		450CA08A243EB12900EEA40F /* Main.storyboard in Resources */ = {isa = PBXBuildFile; fileRef = 450CA088243EB12900EEA40F /* Main.storyboard */; };
		450CA08C243EB12C00EEA40F /* Assets.xcassets in Resources */ = {isa = PBXBuildFile; fileRef = 450CA08B243EB12C00EEA40F /* Assets.xcassets */; };
		450CA08F243EB12C00EEA40F /* LaunchScreen.storyboard in Resources */ = {isa = PBXBuildFile; fileRef = 450CA08D243EB12C00EEA40F /* LaunchScreen.storyboard */; };
		450CA098243EB53800EEA40F /* GameSelectionViewController.swift in Sources */ = {isa = PBXBuildFile; fileRef = 450CA097243EB53800EEA40F /* GameSelectionViewController.swift */; };
		450CA09A2440E1D100EEA40F /* SpenderBearViewController.swift in Sources */ = {isa = PBXBuildFile; fileRef = 450CA0992440E1D100EEA40F /* SpenderBearViewController.swift */; };
		454266BE24AE219E00A6BA5E /* SpenderBearGameThreeViewController.swift in Sources */ = {isa = PBXBuildFile; fileRef = 454266BD24AE219E00A6BA5E /* SpenderBearGameThreeViewController.swift */; };
		454266E024B118DD00A6BA5E /* SpenderBearGameFourViewController.swift in Sources */ = {isa = PBXBuildFile; fileRef = 454266DF24B118DD00A6BA5E /* SpenderBearGameFourViewController.swift */; };
		4547DD75249FDDE800DEBBF8 /* SpenderBearGameOneViewController.swift in Sources */ = {isa = PBXBuildFile; fileRef = 4547DD74249FDDE800DEBBF8 /* SpenderBearGameOneViewController.swift */; };
		45619E80248C701900E7D980 /* LoginViewController.swift in Sources */ = {isa = PBXBuildFile; fileRef = 45619E7F248C701900E7D980 /* LoginViewController.swift */; };
		45619E82248C87FE00E7D980 /* GoogleService-Info.plist in Resources */ = {isa = PBXBuildFile; fileRef = 45619E81248C87FE00E7D980 /* GoogleService-Info.plist */; };
		45619E84248C96DE00E7D980 /* RegisterViewController.swift in Sources */ = {isa = PBXBuildFile; fileRef = 45619E83248C96DE00E7D980 /* RegisterViewController.swift */; };
		45799DE924B80FBF0042440E /* SaverBearGameTwoViewController.swift in Sources */ = {isa = PBXBuildFile; fileRef = 45799DE824B80FBF0042440E /* SaverBearGameTwoViewController.swift */; };
		45799DEB24B8145F0042440E /* SaverBearGameThreeViewController.swift in Sources */ = {isa = PBXBuildFile; fileRef = 45799DEA24B8145F0042440E /* SaverBearGameThreeViewController.swift */; };
		45799DEF24B907FD0042440E /* SaverBearFourViewController.swift in Sources */ = {isa = PBXBuildFile; fileRef = 45799DEE24B907FD0042440E /* SaverBearFourViewController.swift */; };
		45799DF224B96A9E0042440E /* InvestorBearGameOneViewController.swift in Sources */ = {isa = PBXBuildFile; fileRef = 45799DF124B96A9E0042440E /* InvestorBearGameOneViewController.swift */; };
		45799DF424B96ABB0042440E /* InvestorBearGameTwoViewController.swift in Sources */ = {isa = PBXBuildFile; fileRef = 45799DF324B96ABB0042440E /* InvestorBearGameTwoViewController.swift */; };
		45799DF624B96AD00042440E /* InvestorBearGameThreeViewController.swift in Sources */ = {isa = PBXBuildFile; fileRef = 45799DF524B96AD00042440E /* InvestorBearGameThreeViewController.swift */; };
		45799DF824B96AE00042440E /* InvestorBearGameFourViewController.swift in Sources */ = {isa = PBXBuildFile; fileRef = 45799DF724B96AE00042440E /* InvestorBearGameFourViewController.swift */; };
		45799DFB24BB78510042440E /* GiverBearGameOneViewController.swift in Sources */ = {isa = PBXBuildFile; fileRef = 45799DFA24BB78510042440E /* GiverBearGameOneViewController.swift */; };
		45799DFD24BB786A0042440E /* GiverBearGameTwoViewController.swift in Sources */ = {isa = PBXBuildFile; fileRef = 45799DFC24BB786A0042440E /* GiverBearGameTwoViewController.swift */; };
		45799DFF24BB787B0042440E /* GiverBearGameThreeViewController.swift in Sources */ = {isa = PBXBuildFile; fileRef = 45799DFE24BB787B0042440E /* GiverBearGameThreeViewController.swift */; };
		45799E0124BB788C0042440E /* GiverBearGameFourViewController.swift in Sources */ = {isa = PBXBuildFile; fileRef = 45799E0024BB788C0042440E /* GiverBearGameFourViewController.swift */; };
		45799E0324BD41E50042440E /* BasicsGameOneViewController.swift in Sources */ = {isa = PBXBuildFile; fileRef = 45799E0224BD41E50042440E /* BasicsGameOneViewController.swift */; };
		45D0E26324C37A7500405671 /* UserProfileViewController.swift in Sources */ = {isa = PBXBuildFile; fileRef = 45D0E26224C37A7500405671 /* UserProfileViewController.swift */; };
		45D0E26624C37A9900405671 /* LeaderboardsTableViewController.swift in Sources */ = {isa = PBXBuildFile; fileRef = 45D0E26524C37A9900405671 /* LeaderboardsTableViewController.swift */; };
		45D0E26924C38B5F00405671 /* Extensions.swift in Sources */ = {isa = PBXBuildFile; fileRef = 45D0E26824C38B5F00405671 /* Extensions.swift */; };
		45D0E26B24C3E56F00405671 /* User.swift in Sources */ = {isa = PBXBuildFile; fileRef = 45D0E26A24C3E56F00405671 /* User.swift */; };
		45D0E26D24C3F73000405671 /* UserTableViewCell.swift in Sources */ = {isa = PBXBuildFile; fileRef = 45D0E26C24C3F73000405671 /* UserTableViewCell.swift */; };
		45D0E26F24C4C6BA00405671 /* sniper.mp3 in Resources */ = {isa = PBXBuildFile; fileRef = 45D0E26E24C4C6BA00405671 /* sniper.mp3 */; };
		45F5726824B5580400DA9179 /* SaverBearGameOneViewController.swift in Sources */ = {isa = PBXBuildFile; fileRef = 45F5726724B5580400DA9179 /* SaverBearGameOneViewController.swift */; };
		F0AC63C2A0610F6BA8F0BBD4 /* Pods_FourMoneyBears.framework in Frameworks */ = {isa = PBXBuildFile; fileRef = 2A2999CBA1AAD52A1380E182 /* Pods_FourMoneyBears.framework */; };
/* End PBXBuildFile section */

/* Begin PBXFileReference section */
		2A2999CBA1AAD52A1380E182 /* Pods_FourMoneyBears.framework */ = {isa = PBXFileReference; explicitFileType = wrapper.framework; includeInIndex = 0; path = Pods_FourMoneyBears.framework; sourceTree = BUILT_PRODUCTS_DIR; };
		450B788E24CBFED800206827 /* SpenderPrepOneViewController.swift */ = {isa = PBXFileReference; lastKnownFileType = sourcecode.swift; path = SpenderPrepOneViewController.swift; sourceTree = "<group>"; };
		450B789024CBFEFA00206827 /* SpenderBearPrepTwoViewController.swift */ = {isa = PBXFileReference; lastKnownFileType = sourcecode.swift; path = SpenderBearPrepTwoViewController.swift; sourceTree = "<group>"; };
		450B789224CBFF2200206827 /* SpenderBearPrepThreeViewController.swift */ = {isa = PBXFileReference; lastKnownFileType = sourcecode.swift; path = SpenderBearPrepThreeViewController.swift; sourceTree = "<group>"; };
		450B789424CCB8F200206827 /* MacawChartView.swift */ = {isa = PBXFileReference; lastKnownFileType = sourcecode.swift; path = MacawChartView.swift; sourceTree = "<group>"; };
		450B789624CCB94C00206827 /* DummyData.swift */ = {isa = PBXFileReference; lastKnownFileType = sourcecode.swift; path = DummyData.swift; sourceTree = "<group>"; };
		450B789924D3AFA800206827 /* SaverBearPrepOneViewController.swift */ = {isa = PBXFileReference; lastKnownFileType = sourcecode.swift; path = SaverBearPrepOneViewController.swift; sourceTree = "<group>"; };
		450B789B24D3B42B00206827 /* SaverBearPrepTwoViewController.swift */ = {isa = PBXFileReference; lastKnownFileType = sourcecode.swift; path = SaverBearPrepTwoViewController.swift; sourceTree = "<group>"; };
		450B789D24D3B8AF00206827 /* SaverBearStoryPrepThreeViewController.swift */ = {isa = PBXFileReference; lastKnownFileType = sourcecode.swift; path = SaverBearStoryPrepThreeViewController.swift; sourceTree = "<group>"; };
		450B78A024D3BF7900206827 /* InvestorBearStoryPrepOneViewController.swift */ = {isa = PBXFileReference; lastKnownFileType = sourcecode.swift; path = InvestorBearStoryPrepOneViewController.swift; sourceTree = "<group>"; };
		450B78A224D3C7C100206827 /* InvestorBearStoryPrepTwoViewController.swift */ = {isa = PBXFileReference; lastKnownFileType = sourcecode.swift; path = InvestorBearStoryPrepTwoViewController.swift; sourceTree = "<group>"; };
		450B78A424D3CA8300206827 /* InvestorBearStoryPrepThreeViewController.swift */ = {isa = PBXFileReference; lastKnownFileType = sourcecode.swift; path = InvestorBearStoryPrepThreeViewController.swift; sourceTree = "<group>"; };
		450CA07F243EB12900EEA40F /* FourMoneyBears.app */ = {isa = PBXFileReference; explicitFileType = wrapper.application; includeInIndex = 0; path = FourMoneyBears.app; sourceTree = BUILT_PRODUCTS_DIR; };
		450CA082243EB12900EEA40F /* AppDelegate.swift */ = {isa = PBXFileReference; lastKnownFileType = sourcecode.swift; path = AppDelegate.swift; sourceTree = "<group>"; };
		450CA084243EB12900EEA40F /* SceneDelegate.swift */ = {isa = PBXFileReference; lastKnownFileType = sourcecode.swift; path = SceneDelegate.swift; sourceTree = "<group>"; };
		450CA089243EB12900EEA40F /* Base */ = {isa = PBXFileReference; lastKnownFileType = file.storyboard; name = Base; path = Base.lproj/Main.storyboard; sourceTree = "<group>"; };
		450CA08B243EB12C00EEA40F /* Assets.xcassets */ = {isa = PBXFileReference; lastKnownFileType = folder.assetcatalog; path = Assets.xcassets; sourceTree = "<group>"; };
		450CA08E243EB12C00EEA40F /* Base */ = {isa = PBXFileReference; lastKnownFileType = file.storyboard; name = Base; path = Base.lproj/LaunchScreen.storyboard; sourceTree = "<group>"; };
		450CA090243EB12C00EEA40F /* Info.plist */ = {isa = PBXFileReference; lastKnownFileType = text.plist.xml; path = Info.plist; sourceTree = "<group>"; };
		450CA097243EB53800EEA40F /* GameSelectionViewController.swift */ = {isa = PBXFileReference; lastKnownFileType = sourcecode.swift; path = GameSelectionViewController.swift; sourceTree = "<group>"; };
		450CA0992440E1D100EEA40F /* SpenderBearViewController.swift */ = {isa = PBXFileReference; lastKnownFileType = sourcecode.swift; path = SpenderBearViewController.swift; sourceTree = "<group>"; };
		454266BD24AE219E00A6BA5E /* SpenderBearGameThreeViewController.swift */ = {isa = PBXFileReference; lastKnownFileType = sourcecode.swift; path = SpenderBearGameThreeViewController.swift; sourceTree = "<group>"; };
		454266DF24B118DD00A6BA5E /* SpenderBearGameFourViewController.swift */ = {isa = PBXFileReference; lastKnownFileType = sourcecode.swift; path = SpenderBearGameFourViewController.swift; sourceTree = "<group>"; };
		4547DD74249FDDE800DEBBF8 /* SpenderBearGameOneViewController.swift */ = {isa = PBXFileReference; lastKnownFileType = sourcecode.swift; path = SpenderBearGameOneViewController.swift; sourceTree = "<group>"; };
		45619E7F248C701900E7D980 /* LoginViewController.swift */ = {isa = PBXFileReference; lastKnownFileType = sourcecode.swift; path = LoginViewController.swift; sourceTree = "<group>"; };
		45619E81248C87FE00E7D980 /* GoogleService-Info.plist */ = {isa = PBXFileReference; fileEncoding = 4; lastKnownFileType = text.plist.xml; path = "GoogleService-Info.plist"; sourceTree = "<group>"; };
		45619E83248C96DE00E7D980 /* RegisterViewController.swift */ = {isa = PBXFileReference; lastKnownFileType = sourcecode.swift; path = RegisterViewController.swift; sourceTree = "<group>"; };
		45799DE824B80FBF0042440E /* SaverBearGameTwoViewController.swift */ = {isa = PBXFileReference; lastKnownFileType = sourcecode.swift; path = SaverBearGameTwoViewController.swift; sourceTree = "<group>"; };
		45799DEA24B8145F0042440E /* SaverBearGameThreeViewController.swift */ = {isa = PBXFileReference; lastKnownFileType = sourcecode.swift; path = SaverBearGameThreeViewController.swift; sourceTree = "<group>"; };
		45799DEE24B907FD0042440E /* SaverBearFourViewController.swift */ = {isa = PBXFileReference; lastKnownFileType = sourcecode.swift; path = SaverBearFourViewController.swift; sourceTree = "<group>"; };
		45799DF124B96A9E0042440E /* InvestorBearGameOneViewController.swift */ = {isa = PBXFileReference; lastKnownFileType = sourcecode.swift; path = InvestorBearGameOneViewController.swift; sourceTree = "<group>"; };
		45799DF324B96ABB0042440E /* InvestorBearGameTwoViewController.swift */ = {isa = PBXFileReference; lastKnownFileType = sourcecode.swift; path = InvestorBearGameTwoViewController.swift; sourceTree = "<group>"; };
		45799DF524B96AD00042440E /* InvestorBearGameThreeViewController.swift */ = {isa = PBXFileReference; lastKnownFileType = sourcecode.swift; path = InvestorBearGameThreeViewController.swift; sourceTree = "<group>"; };
		45799DF724B96AE00042440E /* InvestorBearGameFourViewController.swift */ = {isa = PBXFileReference; lastKnownFileType = sourcecode.swift; path = InvestorBearGameFourViewController.swift; sourceTree = "<group>"; };
		45799DFA24BB78510042440E /* GiverBearGameOneViewController.swift */ = {isa = PBXFileReference; lastKnownFileType = sourcecode.swift; path = GiverBearGameOneViewController.swift; sourceTree = "<group>"; };
		45799DFC24BB786A0042440E /* GiverBearGameTwoViewController.swift */ = {isa = PBXFileReference; lastKnownFileType = sourcecode.swift; path = GiverBearGameTwoViewController.swift; sourceTree = "<group>"; };
		45799DFE24BB787B0042440E /* GiverBearGameThreeViewController.swift */ = {isa = PBXFileReference; lastKnownFileType = sourcecode.swift; path = GiverBearGameThreeViewController.swift; sourceTree = "<group>"; };
		45799E0024BB788C0042440E /* GiverBearGameFourViewController.swift */ = {isa = PBXFileReference; lastKnownFileType = sourcecode.swift; path = GiverBearGameFourViewController.swift; sourceTree = "<group>"; };
		45799E0224BD41E50042440E /* BasicsGameOneViewController.swift */ = {isa = PBXFileReference; lastKnownFileType = sourcecode.swift; path = BasicsGameOneViewController.swift; sourceTree = "<group>"; };
		45D0E26224C37A7500405671 /* UserProfileViewController.swift */ = {isa = PBXFileReference; lastKnownFileType = sourcecode.swift; path = UserProfileViewController.swift; sourceTree = "<group>"; };
		45D0E26524C37A9900405671 /* LeaderboardsTableViewController.swift */ = {isa = PBXFileReference; lastKnownFileType = sourcecode.swift; path = LeaderboardsTableViewController.swift; sourceTree = "<group>"; };
		45D0E26824C38B5F00405671 /* Extensions.swift */ = {isa = PBXFileReference; lastKnownFileType = sourcecode.swift; path = Extensions.swift; sourceTree = "<group>"; };
		45D0E26A24C3E56F00405671 /* User.swift */ = {isa = PBXFileReference; lastKnownFileType = sourcecode.swift; path = User.swift; sourceTree = "<group>"; };
		45D0E26C24C3F73000405671 /* UserTableViewCell.swift */ = {isa = PBXFileReference; lastKnownFileType = sourcecode.swift; path = UserTableViewCell.swift; sourceTree = "<group>"; };
		45D0E26E24C4C6BA00405671 /* sniper.mp3 */ = {isa = PBXFileReference; lastKnownFileType = audio.mp3; path = sniper.mp3; sourceTree = "<group>"; };
		45F5726724B5580400DA9179 /* SaverBearGameOneViewController.swift */ = {isa = PBXFileReference; lastKnownFileType = sourcecode.swift; path = SaverBearGameOneViewController.swift; sourceTree = "<group>"; };
		51FD56432829A48BA4EE01F6 /* Pods-FourMoneyBears.debug.xcconfig */ = {isa = PBXFileReference; includeInIndex = 1; lastKnownFileType = text.xcconfig; name = "Pods-FourMoneyBears.debug.xcconfig"; path = "Target Support Files/Pods-FourMoneyBears/Pods-FourMoneyBears.debug.xcconfig"; sourceTree = "<group>"; };
		E6FBAEDE335D1964F5A3A393 /* Pods-FourMoneyBears.release.xcconfig */ = {isa = PBXFileReference; includeInIndex = 1; lastKnownFileType = text.xcconfig; name = "Pods-FourMoneyBears.release.xcconfig"; path = "Target Support Files/Pods-FourMoneyBears/Pods-FourMoneyBears.release.xcconfig"; sourceTree = "<group>"; };
/* End PBXFileReference section */

/* Begin PBXFrameworksBuildPhase section */
		450CA07C243EB12900EEA40F /* Frameworks */ = {
			isa = PBXFrameworksBuildPhase;
			buildActionMask = 2147483647;
			files = (
				F0AC63C2A0610F6BA8F0BBD4 /* Pods_FourMoneyBears.framework in Frameworks */,
			);
			runOnlyForDeploymentPostprocessing = 0;
		};
/* End PBXFrameworksBuildPhase section */

/* Begin PBXGroup section */
		0D29473858D0EE7C607CD32C /* Frameworks */ = {
			isa = PBXGroup;
			children = (
				2A2999CBA1AAD52A1380E182 /* Pods_FourMoneyBears.framework */,
			);
			name = Frameworks;
			sourceTree = "<group>";
		};
		450B788D24CBFEA100206827 /* Spender Bear Story Prep */ = {
			isa = PBXGroup;
			children = (
				450B788E24CBFED800206827 /* SpenderPrepOneViewController.swift */,
				450B789024CBFEFA00206827 /* SpenderBearPrepTwoViewController.swift */,
				450B789224CBFF2200206827 /* SpenderBearPrepThreeViewController.swift */,
			);
			path = "Spender Bear Story Prep";
			sourceTree = "<group>";
		};
		450B789824D3ACD300206827 /* Saver Bear Story Prep */ = {
			isa = PBXGroup;
			children = (
				450B789924D3AFA800206827 /* SaverBearPrepOneViewController.swift */,
				450B789B24D3B42B00206827 /* SaverBearPrepTwoViewController.swift */,
				450B789D24D3B8AF00206827 /* SaverBearStoryPrepThreeViewController.swift */,
			);
			path = "Saver Bear Story Prep";
			sourceTree = "<group>";
		};
		450B789F24D3BF5C00206827 /* Investor Bear Story Prep */ = {
			isa = PBXGroup;
			children = (
				450B78A024D3BF7900206827 /* InvestorBearStoryPrepOneViewController.swift */,
				450B78A224D3C7C100206827 /* InvestorBearStoryPrepTwoViewController.swift */,
				450B78A424D3CA8300206827 /* InvestorBearStoryPrepThreeViewController.swift */,
			);
			path = "Investor Bear Story Prep";
			sourceTree = "<group>";
		};
		450CA076243EB12900EEA40F = {
			isa = PBXGroup;
			children = (
				450CA081243EB12900EEA40F /* FourMoneyBears */,
				450CA080243EB12900EEA40F /* Products */,
				7F808DBBADCDDC48DAB9D25C /* Pods */,
				0D29473858D0EE7C607CD32C /* Frameworks */,
			);
			sourceTree = "<group>";
		};
		450CA080243EB12900EEA40F /* Products */ = {
			isa = PBXGroup;
			children = (
				450CA07F243EB12900EEA40F /* FourMoneyBears.app */,
			);
			name = Products;
			sourceTree = "<group>";
		};
		450CA081243EB12900EEA40F /* FourMoneyBears */ = {
			isa = PBXGroup;
			children = (
				45D0E26724C38B1C00405671 /* Helpers */,
				45D0E26024BE4E1E00405671 /* Model */,
				450CA096243EB51B00EEA40F /* View Controllers */,
				450CA082243EB12900EEA40F /* AppDelegate.swift */,
				450CA084243EB12900EEA40F /* SceneDelegate.swift */,
				45D0E26E24C4C6BA00405671 /* sniper.mp3 */,
				450CA088243EB12900EEA40F /* Main.storyboard */,
				450CA08B243EB12C00EEA40F /* Assets.xcassets */,
				450CA08D243EB12C00EEA40F /* LaunchScreen.storyboard */,
				450CA090243EB12C00EEA40F /* Info.plist */,
				45619E81248C87FE00E7D980 /* GoogleService-Info.plist */,
			);
			path = FourMoneyBears;
			sourceTree = "<group>";
		};
		450CA096243EB51B00EEA40F /* View Controllers */ = {
			isa = PBXGroup;
			children = (
				450B789F24D3BF5C00206827 /* Investor Bear Story Prep */,
				450B789824D3ACD300206827 /* Saver Bear Story Prep */,
				450B788D24CBFEA100206827 /* Spender Bear Story Prep */,
				45D0E26424C37A7D00405671 /* Leaderboards */,
				45D0E26124C37A5400405671 /* User Profile */,
				45799DF924BB78230042440E /* Giver Bear */,
				45799DF024B96A820042440E /* Investor Bear */,
				45F5726624B557E400DA9179 /* Saver Bear */,
				454266BC24AE216100A6BA5E /* Spender Bear */,
				450CA097243EB53800EEA40F /* GameSelectionViewController.swift */,
				45619E7F248C701900E7D980 /* LoginViewController.swift */,
				45619E83248C96DE00E7D980 /* RegisterViewController.swift */,
				45799E0224BD41E50042440E /* BasicsGameOneViewController.swift */,
			);
			path = "View Controllers";
			sourceTree = "<group>";
		};
		454266BC24AE216100A6BA5E /* Spender Bear */ = {
			isa = PBXGroup;
			children = (
				450CA0992440E1D100EEA40F /* SpenderBearViewController.swift */,
				4547DD74249FDDE800DEBBF8 /* SpenderBearGameOneViewController.swift */,
				454266BD24AE219E00A6BA5E /* SpenderBearGameThreeViewController.swift */,
				454266DF24B118DD00A6BA5E /* SpenderBearGameFourViewController.swift */,
			);
			path = "Spender Bear";
			sourceTree = "<group>";
		};
		45799DF024B96A820042440E /* Investor Bear */ = {
			isa = PBXGroup;
			children = (
				45799DF124B96A9E0042440E /* InvestorBearGameOneViewController.swift */,
				45799DF324B96ABB0042440E /* InvestorBearGameTwoViewController.swift */,
				45799DF524B96AD00042440E /* InvestorBearGameThreeViewController.swift */,
				45799DF724B96AE00042440E /* InvestorBearGameFourViewController.swift */,
			);
			path = "Investor Bear";
			sourceTree = "<group>";
		};
		45799DF924BB78230042440E /* Giver Bear */ = {
			isa = PBXGroup;
			children = (
				45799DFA24BB78510042440E /* GiverBearGameOneViewController.swift */,
				45799DFC24BB786A0042440E /* GiverBearGameTwoViewController.swift */,
				45799DFE24BB787B0042440E /* GiverBearGameThreeViewController.swift */,
				45799E0024BB788C0042440E /* GiverBearGameFourViewController.swift */,
			);
			path = "Giver Bear";
			sourceTree = "<group>";
		};
		45D0E26024BE4E1E00405671 /* Model */ = {
			isa = PBXGroup;
			children = (
				45D0E26A24C3E56F00405671 /* User.swift */,
			);
			path = Model;
			sourceTree = "<group>";
		};
		45D0E26124C37A5400405671 /* User Profile */ = {
			isa = PBXGroup;
			children = (
				45D0E26224C37A7500405671 /* UserProfileViewController.swift */,
				450B789424CCB8F200206827 /* MacawChartView.swift */,
				450B789624CCB94C00206827 /* DummyData.swift */,
			);
			path = "User Profile";
			sourceTree = "<group>";
		};
		45D0E26424C37A7D00405671 /* Leaderboards */ = {
			isa = PBXGroup;
			children = (
				45D0E26524C37A9900405671 /* LeaderboardsTableViewController.swift */,
				45D0E26C24C3F73000405671 /* UserTableViewCell.swift */,
			);
			path = Leaderboards;
			sourceTree = "<group>";
		};
		45D0E26724C38B1C00405671 /* Helpers */ = {
			isa = PBXGroup;
			children = (
				45D0E26824C38B5F00405671 /* Extensions.swift */,
			);
			path = Helpers;
			sourceTree = "<group>";
		};
		45F5726624B557E400DA9179 /* Saver Bear */ = {
			isa = PBXGroup;
			children = (
				45F5726724B5580400DA9179 /* SaverBearGameOneViewController.swift */,
				45799DE824B80FBF0042440E /* SaverBearGameTwoViewController.swift */,
				45799DEA24B8145F0042440E /* SaverBearGameThreeViewController.swift */,
				45799DEE24B907FD0042440E /* SaverBearFourViewController.swift */,
			);
			path = "Saver Bear";
			sourceTree = "<group>";
		};
		7F808DBBADCDDC48DAB9D25C /* Pods */ = {
			isa = PBXGroup;
			children = (
				51FD56432829A48BA4EE01F6 /* Pods-FourMoneyBears.debug.xcconfig */,
				E6FBAEDE335D1964F5A3A393 /* Pods-FourMoneyBears.release.xcconfig */,
			);
			path = Pods;
			sourceTree = "<group>";
		};
/* End PBXGroup section */

/* Begin PBXNativeTarget section */
		450CA07E243EB12900EEA40F /* FourMoneyBears */ = {
			isa = PBXNativeTarget;
			buildConfigurationList = 450CA093243EB12C00EEA40F /* Build configuration list for PBXNativeTarget "FourMoneyBears" */;
			buildPhases = (
				786EFBF4ED0C8731A49A1180 /* [CP] Check Pods Manifest.lock */,
				450CA07B243EB12900EEA40F /* Sources */,
				450CA07C243EB12900EEA40F /* Frameworks */,
				450CA07D243EB12900EEA40F /* Resources */,
				E2017134648DA7526C7EC0A4 /* [CP] Embed Pods Frameworks */,
			);
			buildRules = (
			);
			dependencies = (
			);
			name = FourMoneyBears;
			productName = FourMoneyBears;
			productReference = 450CA07F243EB12900EEA40F /* FourMoneyBears.app */;
			productType = "com.apple.product-type.application";
		};
/* End PBXNativeTarget section */

/* Begin PBXProject section */
		450CA077243EB12900EEA40F /* Project object */ = {
			isa = PBXProject;
			attributes = {
				LastSwiftUpdateCheck = 1130;
				LastUpgradeCheck = 1130;
				ORGANIZATIONNAME = "Lambda School";
				TargetAttributes = {
					450CA07E243EB12900EEA40F = {
						CreatedOnToolsVersion = 11.3.1;
					};
				};
			};
			buildConfigurationList = 450CA07A243EB12900EEA40F /* Build configuration list for PBXProject "FourMoneyBears" */;
			compatibilityVersion = "Xcode 9.3";
			developmentRegion = en;
			hasScannedForEncodings = 0;
			knownRegions = (
				en,
				Base,
			);
			mainGroup = 450CA076243EB12900EEA40F;
			productRefGroup = 450CA080243EB12900EEA40F /* Products */;
			projectDirPath = "";
			projectRoot = "";
			targets = (
				450CA07E243EB12900EEA40F /* FourMoneyBears */,
			);
		};
/* End PBXProject section */

/* Begin PBXResourcesBuildPhase section */
		450CA07D243EB12900EEA40F /* Resources */ = {
			isa = PBXResourcesBuildPhase;
			buildActionMask = 2147483647;
			files = (
				450CA08F243EB12C00EEA40F /* LaunchScreen.storyboard in Resources */,
				45619E82248C87FE00E7D980 /* GoogleService-Info.plist in Resources */,
				45D0E26F24C4C6BA00405671 /* sniper.mp3 in Resources */,
				450CA08C243EB12C00EEA40F /* Assets.xcassets in Resources */,
				450CA08A243EB12900EEA40F /* Main.storyboard in Resources */,
			);
			runOnlyForDeploymentPostprocessing = 0;
		};
/* End PBXResourcesBuildPhase section */

/* Begin PBXShellScriptBuildPhase section */
		786EFBF4ED0C8731A49A1180 /* [CP] Check Pods Manifest.lock */ = {
			isa = PBXShellScriptBuildPhase;
			buildActionMask = 2147483647;
			files = (
			);
			inputFileListPaths = (
			);
			inputPaths = (
				"${PODS_PODFILE_DIR_PATH}/Podfile.lock",
				"${PODS_ROOT}/Manifest.lock",
			);
			name = "[CP] Check Pods Manifest.lock";
			outputFileListPaths = (
			);
			outputPaths = (
				"$(DERIVED_FILE_DIR)/Pods-FourMoneyBears-checkManifestLockResult.txt",
			);
			runOnlyForDeploymentPostprocessing = 0;
			shellPath = /bin/sh;
			shellScript = "diff \"${PODS_PODFILE_DIR_PATH}/Podfile.lock\" \"${PODS_ROOT}/Manifest.lock\" > /dev/null\nif [ $? != 0 ] ; then\n    # print error to STDERR\n    echo \"error: The sandbox is not in sync with the Podfile.lock. Run 'pod install' or update your CocoaPods installation.\" >&2\n    exit 1\nfi\n# This output is used by Xcode 'outputs' to avoid re-running this script phase.\necho \"SUCCESS\" > \"${SCRIPT_OUTPUT_FILE_0}\"\n";
			showEnvVarsInLog = 0;
		};
		E2017134648DA7526C7EC0A4 /* [CP] Embed Pods Frameworks */ = {
			isa = PBXShellScriptBuildPhase;
			buildActionMask = 2147483647;
			files = (
			);
			inputFileListPaths = (
				"${PODS_ROOT}/Target Support Files/Pods-FourMoneyBears/Pods-FourMoneyBears-frameworks-${CONFIGURATION}-input-files.xcfilelist",
			);
			name = "[CP] Embed Pods Frameworks";
			outputFileListPaths = (
				"${PODS_ROOT}/Target Support Files/Pods-FourMoneyBears/Pods-FourMoneyBears-frameworks-${CONFIGURATION}-output-files.xcfilelist",
			);
			runOnlyForDeploymentPostprocessing = 0;
			shellPath = /bin/sh;
			shellScript = "\"${PODS_ROOT}/Target Support Files/Pods-FourMoneyBears/Pods-FourMoneyBears-frameworks.sh\"\n";
			showEnvVarsInLog = 0;
		};
/* End PBXShellScriptBuildPhase section */

/* Begin PBXSourcesBuildPhase section */
		450CA07B243EB12900EEA40F /* Sources */ = {
			isa = PBXSourcesBuildPhase;
			buildActionMask = 2147483647;
			files = (
				45D0E26B24C3E56F00405671 /* User.swift in Sources */,
				450B789E24D3B8AF00206827 /* SaverBearStoryPrepThreeViewController.swift in Sources */,
				45D0E26D24C3F73000405671 /* UserTableViewCell.swift in Sources */,
				450CA09A2440E1D100EEA40F /* SpenderBearViewController.swift in Sources */,
				45799DFB24BB78510042440E /* GiverBearGameOneViewController.swift in Sources */,
				450CA083243EB12900EEA40F /* AppDelegate.swift in Sources */,
				450CA085243EB12900EEA40F /* SceneDelegate.swift in Sources */,
				45D0E26324C37A7500405671 /* UserProfileViewController.swift in Sources */,
				45799E0124BB788C0042440E /* GiverBearGameFourViewController.swift in Sources */,
				45619E84248C96DE00E7D980 /* RegisterViewController.swift in Sources */,
				45799E0324BD41E50042440E /* BasicsGameOneViewController.swift in Sources */,
				45799DF824B96AE00042440E /* InvestorBearGameFourViewController.swift in Sources */,
				45619E80248C701900E7D980 /* LoginViewController.swift in Sources */,
				45799DF424B96ABB0042440E /* InvestorBearGameTwoViewController.swift in Sources */,
				45799DEB24B8145F0042440E /* SaverBearGameThreeViewController.swift in Sources */,
				4547DD75249FDDE800DEBBF8 /* SpenderBearGameOneViewController.swift in Sources */,
				450B78A324D3C7C100206827 /* InvestorBearStoryPrepTwoViewController.swift in Sources */,
				45799DFD24BB786A0042440E /* GiverBearGameTwoViewController.swift in Sources */,
				450B789724CCB94C00206827 /* DummyData.swift in Sources */,
				450CA098243EB53800EEA40F /* GameSelectionViewController.swift in Sources */,
				45D0E26624C37A9900405671 /* LeaderboardsTableViewController.swift in Sources */,
				45799DF624B96AD00042440E /* InvestorBearGameThreeViewController.swift in Sources */,
				450B789C24D3B42B00206827 /* SaverBearPrepTwoViewController.swift in Sources */,
				450B789124CBFEFA00206827 /* SpenderBearPrepTwoViewController.swift in Sources */,
				450B789324CBFF2200206827 /* SpenderBearPrepThreeViewController.swift in Sources */,
				450B789A24D3AFA800206827 /* SaverBearPrepOneViewController.swift in Sources */,
				45799DFF24BB787B0042440E /* GiverBearGameThreeViewController.swift in Sources */,
				454266E024B118DD00A6BA5E /* SpenderBearGameFourViewController.swift in Sources */,
				45799DE924B80FBF0042440E /* SaverBearGameTwoViewController.swift in Sources */,
				450B789524CCB8F200206827 /* MacawChartView.swift in Sources */,
				450B78A524D3CA8300206827 /* InvestorBearStoryPrepThreeViewController.swift in Sources */,
				450B788F24CBFED800206827 /* SpenderPrepOneViewController.swift in Sources */,
				45D0E26924C38B5F00405671 /* Extensions.swift in Sources */,
				454266BE24AE219E00A6BA5E /* SpenderBearGameThreeViewController.swift in Sources */,
				450B78A124D3BF7900206827 /* InvestorBearStoryPrepOneViewController.swift in Sources */,
				45799DEF24B907FD0042440E /* SaverBearFourViewController.swift in Sources */,
				45F5726824B5580400DA9179 /* SaverBearGameOneViewController.swift in Sources */,
				45799DF224B96A9E0042440E /* InvestorBearGameOneViewController.swift in Sources */,
			);
			runOnlyForDeploymentPostprocessing = 0;
		};
/* End PBXSourcesBuildPhase section */

/* Begin PBXVariantGroup section */
		450CA088243EB12900EEA40F /* Main.storyboard */ = {
			isa = PBXVariantGroup;
			children = (
				450CA089243EB12900EEA40F /* Base */,
			);
			name = Main.storyboard;
			sourceTree = "<group>";
		};
		450CA08D243EB12C00EEA40F /* LaunchScreen.storyboard */ = {
			isa = PBXVariantGroup;
			children = (
				450CA08E243EB12C00EEA40F /* Base */,
			);
			name = LaunchScreen.storyboard;
			sourceTree = "<group>";
		};
/* End PBXVariantGroup section */

/* Begin XCBuildConfiguration section */
		450CA091243EB12C00EEA40F /* Debug */ = {
			isa = XCBuildConfiguration;
			buildSettings = {
				ALWAYS_SEARCH_USER_PATHS = NO;
				CLANG_ANALYZER_NONNULL = YES;
				CLANG_ANALYZER_NUMBER_OBJECT_CONVERSION = YES_AGGRESSIVE;
				CLANG_CXX_LANGUAGE_STANDARD = "gnu++14";
				CLANG_CXX_LIBRARY = "libc++";
				CLANG_ENABLE_MODULES = YES;
				CLANG_ENABLE_OBJC_ARC = YES;
				CLANG_ENABLE_OBJC_WEAK = YES;
				CLANG_WARN_BLOCK_CAPTURE_AUTORELEASING = YES;
				CLANG_WARN_BOOL_CONVERSION = YES;
				CLANG_WARN_COMMA = YES;
				CLANG_WARN_CONSTANT_CONVERSION = YES;
				CLANG_WARN_DEPRECATED_OBJC_IMPLEMENTATIONS = YES;
				CLANG_WARN_DIRECT_OBJC_ISA_USAGE = YES_ERROR;
				CLANG_WARN_DOCUMENTATION_COMMENTS = YES;
				CLANG_WARN_EMPTY_BODY = YES;
				CLANG_WARN_ENUM_CONVERSION = YES;
				CLANG_WARN_INFINITE_RECURSION = YES;
				CLANG_WARN_INT_CONVERSION = YES;
				CLANG_WARN_NON_LITERAL_NULL_CONVERSION = YES;
				CLANG_WARN_OBJC_IMPLICIT_RETAIN_SELF = YES;
				CLANG_WARN_OBJC_LITERAL_CONVERSION = YES;
				CLANG_WARN_OBJC_ROOT_CLASS = YES_ERROR;
				CLANG_WARN_RANGE_LOOP_ANALYSIS = YES;
				CLANG_WARN_STRICT_PROTOTYPES = YES;
				CLANG_WARN_SUSPICIOUS_MOVE = YES;
				CLANG_WARN_UNGUARDED_AVAILABILITY = YES_AGGRESSIVE;
				CLANG_WARN_UNREACHABLE_CODE = YES;
				CLANG_WARN__DUPLICATE_METHOD_MATCH = YES;
				COPY_PHASE_STRIP = NO;
				DEBUG_INFORMATION_FORMAT = dwarf;
				ENABLE_STRICT_OBJC_MSGSEND = YES;
				ENABLE_TESTABILITY = YES;
				GCC_C_LANGUAGE_STANDARD = gnu11;
				GCC_DYNAMIC_NO_PIC = NO;
				GCC_NO_COMMON_BLOCKS = YES;
				GCC_OPTIMIZATION_LEVEL = 0;
				GCC_PREPROCESSOR_DEFINITIONS = (
					"DEBUG=1",
					"$(inherited)",
				);
				GCC_WARN_64_TO_32_BIT_CONVERSION = YES;
				GCC_WARN_ABOUT_RETURN_TYPE = YES_ERROR;
				GCC_WARN_UNDECLARED_SELECTOR = YES;
				GCC_WARN_UNINITIALIZED_AUTOS = YES_AGGRESSIVE;
				GCC_WARN_UNUSED_FUNCTION = YES;
				GCC_WARN_UNUSED_VARIABLE = YES;
				IPHONEOS_DEPLOYMENT_TARGET = 13.2;
				MTL_ENABLE_DEBUG_INFO = INCLUDE_SOURCE;
				MTL_FAST_MATH = YES;
				ONLY_ACTIVE_ARCH = YES;
				SDKROOT = iphoneos;
				SWIFT_ACTIVE_COMPILATION_CONDITIONS = DEBUG;
				SWIFT_OPTIMIZATION_LEVEL = "-Onone";
			};
			name = Debug;
		};
		450CA092243EB12C00EEA40F /* Release */ = {
			isa = XCBuildConfiguration;
			buildSettings = {
				ALWAYS_SEARCH_USER_PATHS = NO;
				CLANG_ANALYZER_NONNULL = YES;
				CLANG_ANALYZER_NUMBER_OBJECT_CONVERSION = YES_AGGRESSIVE;
				CLANG_CXX_LANGUAGE_STANDARD = "gnu++14";
				CLANG_CXX_LIBRARY = "libc++";
				CLANG_ENABLE_MODULES = YES;
				CLANG_ENABLE_OBJC_ARC = YES;
				CLANG_ENABLE_OBJC_WEAK = YES;
				CLANG_WARN_BLOCK_CAPTURE_AUTORELEASING = YES;
				CLANG_WARN_BOOL_CONVERSION = YES;
				CLANG_WARN_COMMA = YES;
				CLANG_WARN_CONSTANT_CONVERSION = YES;
				CLANG_WARN_DEPRECATED_OBJC_IMPLEMENTATIONS = YES;
				CLANG_WARN_DIRECT_OBJC_ISA_USAGE = YES_ERROR;
				CLANG_WARN_DOCUMENTATION_COMMENTS = YES;
				CLANG_WARN_EMPTY_BODY = YES;
				CLANG_WARN_ENUM_CONVERSION = YES;
				CLANG_WARN_INFINITE_RECURSION = YES;
				CLANG_WARN_INT_CONVERSION = YES;
				CLANG_WARN_NON_LITERAL_NULL_CONVERSION = YES;
				CLANG_WARN_OBJC_IMPLICIT_RETAIN_SELF = YES;
				CLANG_WARN_OBJC_LITERAL_CONVERSION = YES;
				CLANG_WARN_OBJC_ROOT_CLASS = YES_ERROR;
				CLANG_WARN_RANGE_LOOP_ANALYSIS = YES;
				CLANG_WARN_STRICT_PROTOTYPES = YES;
				CLANG_WARN_SUSPICIOUS_MOVE = YES;
				CLANG_WARN_UNGUARDED_AVAILABILITY = YES_AGGRESSIVE;
				CLANG_WARN_UNREACHABLE_CODE = YES;
				CLANG_WARN__DUPLICATE_METHOD_MATCH = YES;
				COPY_PHASE_STRIP = NO;
				DEBUG_INFORMATION_FORMAT = "dwarf-with-dsym";
				ENABLE_NS_ASSERTIONS = NO;
				ENABLE_STRICT_OBJC_MSGSEND = YES;
				GCC_C_LANGUAGE_STANDARD = gnu11;
				GCC_NO_COMMON_BLOCKS = YES;
				GCC_WARN_64_TO_32_BIT_CONVERSION = YES;
				GCC_WARN_ABOUT_RETURN_TYPE = YES_ERROR;
				GCC_WARN_UNDECLARED_SELECTOR = YES;
				GCC_WARN_UNINITIALIZED_AUTOS = YES_AGGRESSIVE;
				GCC_WARN_UNUSED_FUNCTION = YES;
				GCC_WARN_UNUSED_VARIABLE = YES;
				IPHONEOS_DEPLOYMENT_TARGET = 13.2;
				MTL_ENABLE_DEBUG_INFO = NO;
				MTL_FAST_MATH = YES;
				SDKROOT = iphoneos;
				SWIFT_COMPILATION_MODE = wholemodule;
				SWIFT_OPTIMIZATION_LEVEL = "-O";
				VALIDATE_PRODUCT = YES;
			};
			name = Release;
		};
		450CA094243EB12C00EEA40F /* Debug */ = {
			isa = XCBuildConfiguration;
			baseConfigurationReference = 51FD56432829A48BA4EE01F6 /* Pods-FourMoneyBears.debug.xcconfig */;
			buildSettings = {
				ASSETCATALOG_COMPILER_APPICON_NAME = AppIcon;
				CODE_SIGN_IDENTITY = "Apple Development";
				CODE_SIGN_STYLE = Automatic;
				DEVELOPMENT_TEAM = T9N7S9647J;
				INFOPLIST_FILE = FourMoneyBears/Info.plist;
				LD_RUNPATH_SEARCH_PATHS = (
					"$(inherited)",
					"@executable_path/Frameworks",
				);
				PRODUCT_BUNDLE_IDENTIFIER = com.flash.FourMoneyBears;
				PRODUCT_NAME = "$(TARGET_NAME)";
				PROVISIONING_PROFILE_SPECIFIER = "";
				SWIFT_VERSION = 5.0;
				TARGETED_DEVICE_FAMILY = "1,2";
			};
			name = Debug;
		};
		450CA095243EB12C00EEA40F /* Release */ = {
			isa = XCBuildConfiguration;
			baseConfigurationReference = E6FBAEDE335D1964F5A3A393 /* Pods-FourMoneyBears.release.xcconfig */;
			buildSettings = {
				ASSETCATALOG_COMPILER_APPICON_NAME = AppIcon;
				CODE_SIGN_IDENTITY = "Apple Development";
				CODE_SIGN_STYLE = Automatic;
				DEVELOPMENT_TEAM = T9N7S9647J;
				INFOPLIST_FILE = FourMoneyBears/Info.plist;
				LD_RUNPATH_SEARCH_PATHS = (
					"$(inherited)",
					"@executable_path/Frameworks",
				);
				PRODUCT_BUNDLE_IDENTIFIER = com.flash.FourMoneyBears;
				PRODUCT_NAME = "$(TARGET_NAME)";
				PROVISIONING_PROFILE_SPECIFIER = "";
				SWIFT_VERSION = 5.0;
				TARGETED_DEVICE_FAMILY = "1,2";
			};
			name = Release;
		};
/* End XCBuildConfiguration section */

/* Begin XCConfigurationList section */
		450CA07A243EB12900EEA40F /* Build configuration list for PBXProject "FourMoneyBears" */ = {
			isa = XCConfigurationList;
			buildConfigurations = (
				450CA091243EB12C00EEA40F /* Debug */,
				450CA092243EB12C00EEA40F /* Release */,
			);
			defaultConfigurationIsVisible = 0;
			defaultConfigurationName = Release;
		};
		450CA093243EB12C00EEA40F /* Build configuration list for PBXNativeTarget "FourMoneyBears" */ = {
			isa = XCConfigurationList;
			buildConfigurations = (
				450CA094243EB12C00EEA40F /* Debug */,
				450CA095243EB12C00EEA40F /* Release */,
			);
			defaultConfigurationIsVisible = 0;
			defaultConfigurationName = Release;
		};
/* End XCConfigurationList section */
	};
	rootObject = 450CA077243EB12900EEA40F /* Project object */;
}
